// !$*UTF8*$!
{
	archiveVersion = 1;
	classes = {
	};
	objectVersion = 55;
	objects = {

/* Begin PBXBuildFile section */
		66858668283A56B5007B792E /* MoonshotApp.swift in Sources */ = {isa = PBXBuildFile; fileRef = 66858667283A56B5007B792E /* MoonshotApp.swift */; };
		6685866A283A56B5007B792E /* MissionsView.swift in Sources */ = {isa = PBXBuildFile; fileRef = 66858669283A56B5007B792E /* MissionsView.swift */; };
		6685866C283A56B5007B792E /* Assets.xcassets in Resources */ = {isa = PBXBuildFile; fileRef = 6685866B283A56B5007B792E /* Assets.xcassets */; };
		6685866F283A56B5007B792E /* Preview Assets.xcassets in Resources */ = {isa = PBXBuildFile; fileRef = 6685866E283A56B5007B792E /* Preview Assets.xcassets */; };
		66858677283A5971007B792E /* Bundle+Ext.swift in Sources */ = {isa = PBXBuildFile; fileRef = 66858676283A5971007B792E /* Bundle+Ext.swift */; };
		6685867A283A5B44007B792E /* astronauts.json in Resources */ = {isa = PBXBuildFile; fileRef = 66858678283A5B44007B792E /* astronauts.json */; };
		6685867B283A5B44007B792E /* missions.json in Resources */ = {isa = PBXBuildFile; fileRef = 66858679283A5B44007B792E /* missions.json */; };
		6685867E283A5C12007B792E /* JSON Definitiuons.swift in Sources */ = {isa = PBXBuildFile; fileRef = 6685867D283A5C12007B792E /* JSON Definitiuons.swift */; };
		66858681283A6176007B792E /* LoadJSONData.swift in Sources */ = {isa = PBXBuildFile; fileRef = 66858680283A6176007B792E /* LoadJSONData.swift */; };
		66858683283A6A9B007B792E /* GridRowView.swift in Sources */ = {isa = PBXBuildFile; fileRef = 66858682283A6A9B007B792E /* GridRowView.swift */; };
		66858685283A7256007B792E /* Color-Theme.swift in Sources */ = {isa = PBXBuildFile; fileRef = 66858684283A7256007B792E /* Color-Theme.swift */; };
		66858687283A765B007B792E /* MissionDetailView.swift in Sources */ = {isa = PBXBuildFile; fileRef = 66858686283A765B007B792E /* MissionDetailView.swift */; };
		66858689283A7D09007B792E /* DividerView.swift in Sources */ = {isa = PBXBuildFile; fileRef = 66858688283A7D09007B792E /* DividerView.swift */; };
		6685868B283A7E02007B792E /* AstronautDetailsView.swift in Sources */ = {isa = PBXBuildFile; fileRef = 6685868A283A7E02007B792E /* AstronautDetailsView.swift */; };
		6685868D283A8EDE007B792E /* MissionDetailRowView.swift in Sources */ = {isa = PBXBuildFile; fileRef = 6685868C283A8EDE007B792E /* MissionDetailRowView.swift */; };
		6685868F283A928D007B792E /* GridLayoutView.swift in Sources */ = {isa = PBXBuildFile; fileRef = 6685868E283A928D007B792E /* GridLayoutView.swift */; };
		66858691283A93AA007B792E /* ListLayoutView.swift in Sources */ = {isa = PBXBuildFile; fileRef = 66858690283A93AA007B792E /* ListLayoutView.swift */; };
		66858693283A950A007B792E /* ListLayoutRowView.swift in Sources */ = {isa = PBXBuildFile; fileRef = 66858692283A950A007B792E /* ListLayoutRowView.swift */; };
/* End PBXBuildFile section */

/* Begin PBXFileReference section */
		66858664283A56B5007B792E /* Moonshot.app */ = {isa = PBXFileReference; explicitFileType = wrapper.application; includeInIndex = 0; path = Moonshot.app; sourceTree = BUILT_PRODUCTS_DIR; };
		66858667283A56B5007B792E /* MoonshotApp.swift */ = {isa = PBXFileReference; lastKnownFileType = sourcecode.swift; path = MoonshotApp.swift; sourceTree = "<group>"; };
		66858669283A56B5007B792E /* MissionsView.swift */ = {isa = PBXFileReference; lastKnownFileType = sourcecode.swift; path = MissionsView.swift; sourceTree = "<group>"; };
		6685866B283A56B5007B792E /* Assets.xcassets */ = {isa = PBXFileReference; lastKnownFileType = folder.assetcatalog; path = Assets.xcassets; sourceTree = "<group>"; };
		6685866E283A56B5007B792E /* Preview Assets.xcassets */ = {isa = PBXFileReference; lastKnownFileType = folder.assetcatalog; path = "Preview Assets.xcassets"; sourceTree = "<group>"; };
		66858676283A5971007B792E /* Bundle+Ext.swift */ = {isa = PBXFileReference; lastKnownFileType = sourcecode.swift; path = "Bundle+Ext.swift"; sourceTree = "<group>"; };
		66858678283A5B44007B792E /* astronauts.json */ = {isa = PBXFileReference; fileEncoding = 4; lastKnownFileType = text.json; path = astronauts.json; sourceTree = "<group>"; };
		66858679283A5B44007B792E /* missions.json */ = {isa = PBXFileReference; fileEncoding = 4; lastKnownFileType = text.json; path = missions.json; sourceTree = "<group>"; };
		6685867D283A5C12007B792E /* JSON Definitiuons.swift */ = {isa = PBXFileReference; lastKnownFileType = sourcecode.swift; path = "JSON Definitiuons.swift"; sourceTree = "<group>"; };
		66858680283A6176007B792E /* LoadJSONData.swift */ = {isa = PBXFileReference; lastKnownFileType = sourcecode.swift; path = LoadJSONData.swift; sourceTree = "<group>"; };
		66858682283A6A9B007B792E /* GridRowView.swift */ = {isa = PBXFileReference; lastKnownFileType = sourcecode.swift; path = GridRowView.swift; sourceTree = "<group>"; };
		66858684283A7256007B792E /* Color-Theme.swift */ = {isa = PBXFileReference; lastKnownFileType = sourcecode.swift; path = "Color-Theme.swift"; sourceTree = "<group>"; };
		66858686283A765B007B792E /* MissionDetailView.swift */ = {isa = PBXFileReference; lastKnownFileType = sourcecode.swift; path = MissionDetailView.swift; sourceTree = "<group>"; };
		66858688283A7D09007B792E /* DividerView.swift */ = {isa = PBXFileReference; lastKnownFileType = sourcecode.swift; path = DividerView.swift; sourceTree = "<group>"; };
		6685868A283A7E02007B792E /* AstronautDetailsView.swift */ = {isa = PBXFileReference; lastKnownFileType = sourcecode.swift; path = AstronautDetailsView.swift; sourceTree = "<group>"; };
		6685868C283A8EDE007B792E /* MissionDetailRowView.swift */ = {isa = PBXFileReference; lastKnownFileType = sourcecode.swift; path = MissionDetailRowView.swift; sourceTree = "<group>"; };
		6685868E283A928D007B792E /* GridLayoutView.swift */ = {isa = PBXFileReference; lastKnownFileType = sourcecode.swift; path = GridLayoutView.swift; sourceTree = "<group>"; };
		66858690283A93AA007B792E /* ListLayoutView.swift */ = {isa = PBXFileReference; lastKnownFileType = sourcecode.swift; path = ListLayoutView.swift; sourceTree = "<group>"; };
		66858692283A950A007B792E /* ListLayoutRowView.swift */ = {isa = PBXFileReference; lastKnownFileType = sourcecode.swift; path = ListLayoutRowView.swift; sourceTree = "<group>"; };
/* End PBXFileReference section */

/* Begin PBXFrameworksBuildPhase section */
		66858661283A56B5007B792E /* Frameworks */ = {
			isa = PBXFrameworksBuildPhase;
			buildActionMask = 2147483647;
			files = (
			);
			runOnlyForDeploymentPostprocessing = 0;
		};
/* End PBXFrameworksBuildPhase section */

/* Begin PBXGroup section */
		6685865B283A56B5007B792E = {
			isa = PBXGroup;
			children = (
				66858666283A56B5007B792E /* Moonshot */,
				66858665283A56B5007B792E /* Products */,
			);
			sourceTree = "<group>";
		};
		66858665283A56B5007B792E /* Products */ = {
			isa = PBXGroup;
			children = (
				66858664283A56B5007B792E /* Moonshot.app */,
			);
			name = Products;
			sourceTree = "<group>";
		};
		66858666283A56B5007B792E /* Moonshot */ = {
			isa = PBXGroup;
			children = (
				66858667283A56B5007B792E /* MoonshotApp.swift */,
				66858696283A9724007B792E /* Main Views */,
				66858697283A9753007B792E /* Detail Views */,
				66858688283A7D09007B792E /* DividerView.swift */,
				6685867C283A5B50007B792E /* JSON Files */,
				66858675283A5952007B792E /* Extensions */,
				6685866B283A56B5007B792E /* Assets.xcassets */,
				6685866D283A56B5007B792E /* Preview Content */,
			);
			path = Moonshot;
			sourceTree = "<group>";
		};
		6685866D283A56B5007B792E /* Preview Content */ = {
			isa = PBXGroup;
			children = (
				6685866E283A56B5007B792E /* Preview Assets.xcassets */,
			);
			path = "Preview Content";
			sourceTree = "<group>";
		};
		66858675283A5952007B792E /* Extensions */ = {
			isa = PBXGroup;
			children = (
				66858676283A5971007B792E /* Bundle+Ext.swift */,
				66858684283A7256007B792E /* Color-Theme.swift */,
			);
			path = Extensions;
			sourceTree = "<group>";
		};
		6685867C283A5B50007B792E /* JSON Files */ = {
			isa = PBXGroup;
			children = (
				6685867D283A5C12007B792E /* JSON Definitiuons.swift */,
				66858680283A6176007B792E /* LoadJSONData.swift */,
				66858678283A5B44007B792E /* astronauts.json */,
				66858679283A5B44007B792E /* missions.json */,
			);
			path = "JSON Files";
			sourceTree = "<group>";
		};
		66858694283A96E3007B792E /* Grid Layout */ = {
			isa = PBXGroup;
			children = (
				6685868E283A928D007B792E /* GridLayoutView.swift */,
				66858682283A6A9B007B792E /* GridRowView.swift */,
			);
			path = "Grid Layout";
			sourceTree = "<group>";
		};
		66858695283A96F2007B792E /* List Layout */ = {
			isa = PBXGroup;
			children = (
				66858690283A93AA007B792E /* ListLayoutView.swift */,
				66858692283A950A007B792E /* ListLayoutRowView.swift */,
			);
			path = "List Layout";
			sourceTree = "<group>";
		};
		66858696283A9724007B792E /* Main Views */ = {
			isa = PBXGroup;
			children = (
				66858669283A56B5007B792E /* MissionsView.swift */,
				66858695283A96F2007B792E /* List Layout */,
				66858694283A96E3007B792E /* Grid Layout */,
			);
			path = "Main Views";
			sourceTree = "<group>";
		};
		66858697283A9753007B792E /* Detail Views */ = {
			isa = PBXGroup;
			children = (
				66858686283A765B007B792E /* MissionDetailView.swift */,
				6685868C283A8EDE007B792E /* MissionDetailRowView.swift */,
				6685868A283A7E02007B792E /* AstronautDetailsView.swift */,
			);
			path = "Detail Views";
			sourceTree = "<group>";
		};
/* End PBXGroup section */

/* Begin PBXNativeTarget section */
		66858663283A56B5007B792E /* Moonshot */ = {
			isa = PBXNativeTarget;
			buildConfigurationList = 66858672283A56B5007B792E /* Build configuration list for PBXNativeTarget "Moonshot" */;
			buildPhases = (
				66858660283A56B5007B792E /* Sources */,
				66858661283A56B5007B792E /* Frameworks */,
				66858662283A56B5007B792E /* Resources */,
			);
			buildRules = (
			);
			dependencies = (
			);
			name = Moonshot;
			productName = Moonshot;
			productReference = 66858664283A56B5007B792E /* Moonshot.app */;
			productType = "com.apple.product-type.application";
		};
/* End PBXNativeTarget section */

/* Begin PBXProject section */
		6685865C283A56B5007B792E /* Project object */ = {
			isa = PBXProject;
			attributes = {
				BuildIndependentTargetsInParallel = 1;
				LastSwiftUpdateCheck = 1330;
				LastUpgradeCheck = 1330;
				TargetAttributes = {
					66858663283A56B5007B792E = {
						CreatedOnToolsVersion = 13.3;
					};
				};
			};
			buildConfigurationList = 6685865F283A56B5007B792E /* Build configuration list for PBXProject "Moonshot" */;
			compatibilityVersion = "Xcode 13.0";
			developmentRegion = en;
			hasScannedForEncodings = 0;
			knownRegions = (
				en,
				Base,
			);
			mainGroup = 6685865B283A56B5007B792E;
			productRefGroup = 66858665283A56B5007B792E /* Products */;
			projectDirPath = "";
			projectRoot = "";
			targets = (
				66858663283A56B5007B792E /* Moonshot */,
			);
		};
/* End PBXProject section */

/* Begin PBXResourcesBuildPhase section */
		66858662283A56B5007B792E /* Resources */ = {
			isa = PBXResourcesBuildPhase;
			buildActionMask = 2147483647;
			files = (
				6685867A283A5B44007B792E /* astronauts.json in Resources */,
				6685866F283A56B5007B792E /* Preview Assets.xcassets in Resources */,
				6685867B283A5B44007B792E /* missions.json in Resources */,
				6685866C283A56B5007B792E /* Assets.xcassets in Resources */,
			);
			runOnlyForDeploymentPostprocessing = 0;
		};
/* End PBXResourcesBuildPhase section */

/* Begin PBXSourcesBuildPhase section */
		66858660283A56B5007B792E /* Sources */ = {
			isa = PBXSourcesBuildPhase;
			buildActionMask = 2147483647;
			files = (
				66858683283A6A9B007B792E /* GridRowView.swift in Sources */,
				66858689283A7D09007B792E /* DividerView.swift in Sources */,
				6685868F283A928D007B792E /* GridLayoutView.swift in Sources */,
				66858693283A950A007B792E /* ListLayoutRowView.swift in Sources */,
				66858677283A5971007B792E /* Bundle+Ext.swift in Sources */,
				6685868D283A8EDE007B792E /* MissionDetailRowView.swift in Sources */,
				66858687283A765B007B792E /* MissionDetailView.swift in Sources */,
				66858685283A7256007B792E /* Color-Theme.swift in Sources */,
				6685866A283A56B5007B792E /* MissionsView.swift in Sources */,
				66858668283A56B5007B792E /* MoonshotApp.swift in Sources */,
				6685868B283A7E02007B792E /* AstronautDetailsView.swift in Sources */,
				66858681283A6176007B792E /* LoadJSONData.swift in Sources */,
				6685867E283A5C12007B792E /* JSON Definitiuons.swift in Sources */,
				66858691283A93AA007B792E /* ListLayoutView.swift in Sources */,
			);
			runOnlyForDeploymentPostprocessing = 0;
		};
/* End PBXSourcesBuildPhase section */

/* Begin XCBuildConfiguration section */
		66858670283A56B5007B792E /* Debug */ = {
			isa = XCBuildConfiguration;
			buildSettings = {
				ALWAYS_SEARCH_USER_PATHS = NO;
				CLANG_ANALYZER_NONNULL = YES;
				CLANG_ANALYZER_NUMBER_OBJECT_CONVERSION = YES_AGGRESSIVE;
				CLANG_CXX_LANGUAGE_STANDARD = "gnu++17";
				CLANG_ENABLE_MODULES = YES;
				CLANG_ENABLE_OBJC_ARC = YES;
				CLANG_ENABLE_OBJC_WEAK = YES;
				CLANG_WARN_BLOCK_CAPTURE_AUTORELEASING = YES;
				CLANG_WARN_BOOL_CONVERSION = YES;
				CLANG_WARN_COMMA = YES;
				CLANG_WARN_CONSTANT_CONVERSION = YES;
				CLANG_WARN_DEPRECATED_OBJC_IMPLEMENTATIONS = YES;
				CLANG_WARN_DIRECT_OBJC_ISA_USAGE = YES_ERROR;
				CLANG_WARN_DOCUMENTATION_COMMENTS = YES;
				CLANG_WARN_EMPTY_BODY = YES;
				CLANG_WARN_ENUM_CONVERSION = YES;
				CLANG_WARN_INFINITE_RECURSION = YES;
				CLANG_WARN_INT_CONVERSION = YES;
				CLANG_WARN_NON_LITERAL_NULL_CONVERSION = YES;
				CLANG_WARN_OBJC_IMPLICIT_RETAIN_SELF = YES;
				CLANG_WARN_OBJC_LITERAL_CONVERSION = YES;
				CLANG_WARN_OBJC_ROOT_CLASS = YES_ERROR;
				CLANG_WARN_QUOTED_INCLUDE_IN_FRAMEWORK_HEADER = YES;
				CLANG_WARN_RANGE_LOOP_ANALYSIS = YES;
				CLANG_WARN_STRICT_PROTOTYPES = YES;
				CLANG_WARN_SUSPICIOUS_MOVE = YES;
				CLANG_WARN_UNGUARDED_AVAILABILITY = YES_AGGRESSIVE;
				CLANG_WARN_UNREACHABLE_CODE = YES;
				CLANG_WARN__DUPLICATE_METHOD_MATCH = YES;
				COPY_PHASE_STRIP = NO;
				DEBUG_INFORMATION_FORMAT = dwarf;
				ENABLE_STRICT_OBJC_MSGSEND = YES;
				ENABLE_TESTABILITY = YES;
				GCC_C_LANGUAGE_STANDARD = gnu11;
				GCC_DYNAMIC_NO_PIC = NO;
				GCC_NO_COMMON_BLOCKS = YES;
				GCC_OPTIMIZATION_LEVEL = 0;
				GCC_PREPROCESSOR_DEFINITIONS = (
					"DEBUG=1",
					"$(inherited)",
				);
				GCC_WARN_64_TO_32_BIT_CONVERSION = YES;
				GCC_WARN_ABOUT_RETURN_TYPE = YES_ERROR;
				GCC_WARN_UNDECLARED_SELECTOR = YES;
				GCC_WARN_UNINITIALIZED_AUTOS = YES_AGGRESSIVE;
				GCC_WARN_UNUSED_FUNCTION = YES;
				GCC_WARN_UNUSED_VARIABLE = YES;
				IPHONEOS_DEPLOYMENT_TARGET = 15.4;
				MTL_ENABLE_DEBUG_INFO = INCLUDE_SOURCE;
				MTL_FAST_MATH = YES;
				ONLY_ACTIVE_ARCH = YES;
				SDKROOT = iphoneos;
				SWIFT_ACTIVE_COMPILATION_CONDITIONS = DEBUG;
				SWIFT_OPTIMIZATION_LEVEL = "-Onone";
			};
			name = Debug;
		};
		66858671283A56B5007B792E /* Release */ = {
			isa = XCBuildConfiguration;
			buildSettings = {
				ALWAYS_SEARCH_USER_PATHS = NO;
				CLANG_ANALYZER_NONNULL = YES;
				CLANG_ANALYZER_NUMBER_OBJECT_CONVERSION = YES_AGGRESSIVE;
				CLANG_CXX_LANGUAGE_STANDARD = "gnu++17";
				CLANG_ENABLE_MODULES = YES;
				CLANG_ENABLE_OBJC_ARC = YES;
				CLANG_ENABLE_OBJC_WEAK = YES;
				CLANG_WARN_BLOCK_CAPTURE_AUTORELEASING = YES;
				CLANG_WARN_BOOL_CONVERSION = YES;
				CLANG_WARN_COMMA = YES;
				CLANG_WARN_CONSTANT_CONVERSION = YES;
				CLANG_WARN_DEPRECATED_OBJC_IMPLEMENTATIONS = YES;
				CLANG_WARN_DIRECT_OBJC_ISA_USAGE = YES_ERROR;
				CLANG_WARN_DOCUMENTATION_COMMENTS = YES;
				CLANG_WARN_EMPTY_BODY = YES;
				CLANG_WARN_ENUM_CONVERSION = YES;
				CLANG_WARN_INFINITE_RECURSION = YES;
				CLANG_WARN_INT_CONVERSION = YES;
				CLANG_WARN_NON_LITERAL_NULL_CONVERSION = YES;
				CLANG_WARN_OBJC_IMPLICIT_RETAIN_SELF = YES;
				CLANG_WARN_OBJC_LITERAL_CONVERSION = YES;
				CLANG_WARN_OBJC_ROOT_CLASS = YES_ERROR;
				CLANG_WARN_QUOTED_INCLUDE_IN_FRAMEWORK_HEADER = YES;
				CLANG_WARN_RANGE_LOOP_ANALYSIS = YES;
				CLANG_WARN_STRICT_PROTOTYPES = YES;
				CLANG_WARN_SUSPICIOUS_MOVE = YES;
				CLANG_WARN_UNGUARDED_AVAILABILITY = YES_AGGRESSIVE;
				CLANG_WARN_UNREACHABLE_CODE = YES;
				CLANG_WARN__DUPLICATE_METHOD_MATCH = YES;
				COPY_PHASE_STRIP = NO;
				DEBUG_INFORMATION_FORMAT = "dwarf-with-dsym";
				ENABLE_NS_ASSERTIONS = NO;
				ENABLE_STRICT_OBJC_MSGSEND = YES;
				GCC_C_LANGUAGE_STANDARD = gnu11;
				GCC_NO_COMMON_BLOCKS = YES;
				GCC_WARN_64_TO_32_BIT_CONVERSION = YES;
				GCC_WARN_ABOUT_RETURN_TYPE = YES_ERROR;
				GCC_WARN_UNDECLARED_SELECTOR = YES;
				GCC_WARN_UNINITIALIZED_AUTOS = YES_AGGRESSIVE;
				GCC_WARN_UNUSED_FUNCTION = YES;
				GCC_WARN_UNUSED_VARIABLE = YES;
				IPHONEOS_DEPLOYMENT_TARGET = 15.4;
				MTL_ENABLE_DEBUG_INFO = NO;
				MTL_FAST_MATH = YES;
				SDKROOT = iphoneos;
				SWIFT_COMPILATION_MODE = wholemodule;
				SWIFT_OPTIMIZATION_LEVEL = "-O";
				VALIDATE_PRODUCT = YES;
			};
			name = Release;
		};
		66858673283A56B5007B792E /* Debug */ = {
			isa = XCBuildConfiguration;
			buildSettings = {
				ASSETCATALOG_COMPILER_APPICON_NAME = AppIcon;
				ASSETCATALOG_COMPILER_GLOBAL_ACCENT_COLOR_NAME = AccentColor;
				CODE_SIGN_STYLE = Automatic;
				CURRENT_PROJECT_VERSION = 1;
				DEVELOPMENT_ASSET_PATHS = "\"Moonshot/Preview Content\"";
				DEVELOPMENT_TEAM = SVT2GB99S9;
				ENABLE_PREVIEWS = YES;
				GENERATE_INFOPLIST_FILE = YES;
				INFOPLIST_KEY_UIApplicationSceneManifest_Generation = YES;
				INFOPLIST_KEY_UIApplicationSupportsIndirectInputEvents = YES;
				INFOPLIST_KEY_UILaunchScreen_Generation = YES;
				INFOPLIST_KEY_UISupportedInterfaceOrientations_iPad = "UIInterfaceOrientationPortrait UIInterfaceOrientationPortraitUpsideDown UIInterfaceOrientationLandscapeLeft UIInterfaceOrientationLandscapeRight";
				INFOPLIST_KEY_UISupportedInterfaceOrientations_iPhone = "UIInterfaceOrientationPortrait UIInterfaceOrientationLandscapeRight UIInterfaceOrientationLandscapeLeft";
				LD_RUNPATH_SEARCH_PATHS = (
					"$(inherited)",
					"@executable_path/Frameworks",
				);
				MARKETING_VERSION = 1.0;
				PRODUCT_BUNDLE_IDENTIFIER = com.MDKSolutions.Moonshot;
				PRODUCT_NAME = "$(TARGET_NAME)";
				SWIFT_EMIT_LOC_STRINGS = YES;
				SWIFT_VERSION = 5.0;
				TARGETED_DEVICE_FAMILY = "1,2";
			};
			name = Debug;
		};
		66858674283A56B5007B792E /* Release */ = {
			isa = XCBuildConfiguration;
			buildSettings = {
				ASSETCATALOG_COMPILER_APPICON_NAME = AppIcon;
				ASSETCATALOG_COMPILER_GLOBAL_ACCENT_COLOR_NAME = AccentColor;
				CODE_SIGN_STYLE = Automatic;
				CURRENT_PROJECT_VERSION = 1;
				DEVELOPMENT_ASSET_PATHS = "\"Moonshot/Preview Content\"";
				DEVELOPMENT_TEAM = SVT2GB99S9;
				ENABLE_PREVIEWS = YES;
				GENERATE_INFOPLIST_FILE = YES;
				INFOPLIST_KEY_UIApplicationSceneManifest_Generation = YES;
				INFOPLIST_KEY_UIApplicationSupportsIndirectInputEvents = YES;
				INFOPLIST_KEY_UILaunchScreen_Generation = YES;
				INFOPLIST_KEY_UISupportedInterfaceOrientations_iPad = "UIInterfaceOrientationPortrait UIInterfaceOrientationPortraitUpsideDown UIInterfaceOrientationLandscapeLeft UIInterfaceOrientationLandscapeRight";
				INFOPLIST_KEY_UISupportedInterfaceOrientations_iPhone = "UIInterfaceOrientationPortrait UIInterfaceOrientationLandscapeRight UIInterfaceOrientationLandscapeLeft";
				LD_RUNPATH_SEARCH_PATHS = (
					"$(inherited)",
					"@executable_path/Frameworks",
				);
				MARKETING_VERSION = 1.0;
				PRODUCT_BUNDLE_IDENTIFIER = com.MDKSolutions.Moonshot;
				PRODUCT_NAME = "$(TARGET_NAME)";
				SWIFT_EMIT_LOC_STRINGS = YES;
				SWIFT_VERSION = 5.0;
				TARGETED_DEVICE_FAMILY = "1,2";
			};
			name = Release;
		};
/* End XCBuildConfiguration section */

/* Begin XCConfigurationList section */
		6685865F283A56B5007B792E /* Build configuration list for PBXProject "Moonshot" */ = {
			isa = XCConfigurationList;
			buildConfigurations = (
				66858670283A56B5007B792E /* Debug */,
				66858671283A56B5007B792E /* Release */,
			);
			defaultConfigurationIsVisible = 0;
			defaultConfigurationName = Release;
		};
		66858672283A56B5007B792E /* Build configuration list for PBXNativeTarget "Moonshot" */ = {
			isa = XCConfigurationList;
			buildConfigurations = (
				66858673283A56B5007B792E /* Debug */,
				66858674283A56B5007B792E /* Release */,
			);
			defaultConfigurationIsVisible = 0;
			defaultConfigurationName = Release;
		};
/* End XCConfigurationList section */
	};
	rootObject = 6685865C283A56B5007B792E /* Project object */;
}
